{
  "version": "1.0.0",
  "name": "mod-ns",
  "lockfileVersion": 1,
  "dependencies": {
    "mod-a": {
      "version": "1.0.1"
    },
    "mod-c": {
      "version": "3.0.0",
      "dependencies": {
        "mod-a": {
          "version": "1.1.0"
        }
      }
    },
    "mod-d": {
      "version": "3.0.1"
    }
  }
}
