$fyn:
 layout: detail
$pkg:
 dep:
  mod-a: ^2.0.0
 dev:
  mod-d: ^1.0.0
  mod-g: ../../fixtures/mod-g
mod-a:
 _latest: 2.0.0
 _:
  ^2.0.0: 2.0.0
 2.0.0:
  top: 1
  $: sha1-A14kUd8F5xnolX2Pq2UBNeUUd94=
  _: 'https://registry.npmjs.org/mod-a/-/mod-a-2.0.0.tgz'
  dependencies:
   mod-b: ^2.0.0
mod-b:
 _latest: 2.0.0
 _:
  ^2.0.0: 2.0.0
 2.0.0:
  $: sha1-08ELWBWzFomlG3x9hDQYJTU6I4I=
  _: 'https://registry.npmjs.org/mod-b/-/mod-b-2.0.0.tgz'
mod-d:
 _latest: 1.0.0
 _:
  ^1.0.0: 1.0.0
 1.0.0:
  top: 1
  $: sha1-VNntO9nFKWIr3Bh0ABEo6IiRRug=
  _: 'https://registry.npmjs.org/mod-d/-/mod-d-1.0.0.tgz'
  dependencies:
   mod-b: ^2.0.0
mod-g:
 _latest: 2.1.0-fynlocal_h
 _:
  ../../fixtures/mod-g: 2.1.0-fynlocal_h
 2.1.0-fynlocal_h:
  top: 1
  $: local
  _: ../../fixtures/mod-g
