$pkg:
  dep:
    "mod-i": ^1.0.0
mod-g:
  _latest: 3.0.11
  _:
    ^3.0.0: 3.0.0
  3.0.0:
    $: sha1-uF0m1mPHkAqxYtlDiRs8OniOzbk=
    _: "http://localhost:50549/mod-g/-/mod-g-3.0.0.tgz"
mod-i:
  _latest: 1.0.0
  _:
    ^1.0.0: 1.0.0
  1.0.0:
    top: 1
    $: sha1-iKlr2sUe2dJpVv6MG4KZD5huLUM=
    _: "http://localhost:50387/mod-i/-/mod-i-1.0.0.tgz"
    dependencies:
      mod-g: ^3.0.0
